
Microsoft Visual Studio Solution File, Format Version 12.00
# Visual Studio Version 17
VisualStudioVersion = 17.8.34330.188
MinimumVisualStudioVersion = 10.0.40219.1
Project("{FAE04EC0-301F-11D3-BF4B-00C04F79EFBC}") = "WebAppCRUD", "WebAppCRUD\WebAppCRUD.csproj", "{A1303186-1DF2-4179-848E-31F1F695B1E1}"
EndProject
Global
	GlobalSection(SolutionConfigurationPlatforms) = preSolution
		Debug|Any CPU = Debug|Any CPU
		Release|Any CPU = Release|Any CPU
	EndGlobalSection
	GlobalSection(ProjectConfigurationPlatforms) = postSolution
		{A1303186-1DF2-4179-848E-31F1F695B1E1}.Debug|Any CPU.ActiveCfg = Debug|Any CPU
		{A1303186-1DF2-4179-848E-31F1F695B1E1}.Debug|Any CPU.Build.0 = Debug|Any CPU
		{A1303186-1DF2-4179-848E-31F1F695B1E1}.Release|Any CPU.ActiveCfg = Release|Any CPU
		{A1303186-1DF2-4179-848E-31F1F695B1E1}.Release|Any CPU.Build.0 = Release|Any CPU
	EndGlobalSection
	GlobalSection(SolutionProperties) = preSolution
		HideSolutionNode = FALSE
	EndGlobalSection
	GlobalSection(ExtensibilityGlobals) = postSolution
		SolutionGuid = {0A0A8B9C-57A0-447D-B27A-ED215F990324}
	EndGlobalSection
EndGlobal
